
Microsoft Visual Studio Solution File, Format Version 12.00
# Visual Studio Version 17
VisualStudioVersion = 17.13.35931.197 d17.13
MinimumVisualStudioVersion = 10.0.40219.1
Project("{888888A0-9F3D-457C-B088-3A5042F75D52}") = "Modulo6", "Modulo6.pyproj", "{2C278E48-7197-4FED-83A8-4271D34C4396}"
EndProject
Global
	GlobalSection(SolutionConfigurationPlatforms) = preSolution
		Debug|Any CPU = Debug|Any CPU
		Release|Any CPU = Release|Any CPU
	EndGlobalSection
	GlobalSection(ProjectConfigurationPlatforms) = postSolution
		{2C278E48-7197-4FED-83A8-4271D34C4396}.Debug|Any CPU.ActiveCfg = Debug|Any CPU
		{2C278E48-7197-4FED-83A8-4271D34C4396}.Release|Any CPU.ActiveCfg = Release|Any CPU
	EndGlobalSection
	GlobalSection(SolutionProperties) = preSolution
		HideSolutionNode = FALSE
	EndGlobalSection
	GlobalSection(ExtensibilityGlobals) = postSolution
		SolutionGuid = {7D4AA6FD-3B8B-41E1-801F-2AE577AD95ED}
	EndGlobalSection
EndGlobal
